
Microsoft Visual Studio Solution File, Format Version 10.00
# Visual Studio 2008
Project("{8BC9CEB8-8B4A-11D0-8D11-00A0C91BC942}") = "Song of Albion", "Song of Albion.vcproj", "{6F8E2AC8-B489-4ADC-926F-3FABF155E39B}"
EndProject
Project("{8BC9CEB8-8B4A-11D0-8D11-00A0C91BC942}") = "MenuEditor", "Editors\MenuEditor\MenuEditor.vcproj", "{E86968BF-9857-4311-B177-D91E82DFF1F7}"
EndProject
Global
	GlobalSection(SolutionConfigurationPlatforms) = preSolution
		Debug|Win32 = Debug|Win32
		Release|Win32 = Release|Win32
	EndGlobalSection
	GlobalSection(ProjectConfigurationPlatforms) = postSolution
		{6F8E2AC8-B489-4ADC-926F-3FABF155E39B}.Debug|Win32.ActiveCfg = Debug|Win32
		{6F8E2AC8-B489-4ADC-926F-3FABF155E39B}.Debug|Win32.Build.0 = Debug|Win32
		{6F8E2AC8-B489-4ADC-926F-3FABF155E39B}.Release|Win32.ActiveCfg = Release|Win32
		{6F8E2AC8-B489-4ADC-926F-3FABF155E39B}.Release|Win32.Build.0 = Release|Win32
		{E86968BF-9857-4311-B177-D91E82DFF1F7}.Debug|Win32.ActiveCfg = Debug|Win32
		{E86968BF-9857-4311-B177-D91E82DFF1F7}.Debug|Win32.Build.0 = Debug|Win32
		{E86968BF-9857-4311-B177-D91E82DFF1F7}.Release|Win32.ActiveCfg = Release|Win32
		{E86968BF-9857-4311-B177-D91E82DFF1F7}.Release|Win32.Build.0 = Release|Win32
	EndGlobalSection
	GlobalSection(SolutionProperties) = preSolution
		HideSolutionNode = FALSE
	EndGlobalSection
EndGlobal
